
Microsoft Visual Studio Solution File, Format Version 12.00
# Visual Studio 15
VisualStudioVersion = 15.0.26730.8
MinimumVisualStudioVersion = 10.0.40219.1
Project("{2150E333-8FDC-42A3-9474-1A3956D46DE8}") = "Api", "Api", "{CA39256A-BC34-4A56-B7AC-9A1EBBEA65D4}"
EndProject
Project("{9A19103F-16F7-4668-BE54-9A1E7A4F7556}") = "Company.Account.Business", "Api\Company.Account.Business\Company.Account.Business.csproj", "{B1450645-CD55-46B5-A2F9-A8A4624A18DA}"
EndProject
Project("{9A19103F-16F7-4668-BE54-9A1E7A4F7556}") = "Company.Account.Data", "Api\Company.Account.Data\Company.Account.Data.csproj", "{F22110ED-91A8-428D-BAEF-0D864C34A929}"
EndProject
Project("{9A19103F-16F7-4668-BE54-9A1E7A4F7556}") = "Company.Account.Data.Tests", "Api\Company.Account.Data.Tests\Company.Account.Data.Tests.csproj", "{9DF3ABA3-C165-42BC-8E37-B2BF4FEFBEEC}"
EndProject
Project("{9A19103F-16F7-4668-BE54-9A1E7A4F7556}") = "Company.Account.Management", "Api\Company.Account.Management\Company.Account.Management.csproj", "{1FFC6EC2-5EC2-4C7E-A296-79C7B6070D55}"
EndProject
Project("{9A19103F-16F7-4668-BE54-9A1E7A4F7556}") = "Company.Account.Management.Tests", "Api\Company.Account.Management.Tests\Company.Account.Management.Tests.csproj", "{BE0B720A-405A-4D61-AEBE-4F5F875490F0}"
EndProject
Project("{9A19103F-16F7-4668-BE54-9A1E7A4F7556}") = "Company.Api", "Api\Company.Api\Company.Api.csproj", "{CD7FFC12-9D71-4D1E-B4D0-1477E35EFE85}"
EndProject
Project("{2150E333-8FDC-42A3-9474-1A3956D46DE8}") = "Common", "Common", "{EDCFD639-85FE-489A-B3CC-A87286485D2E}"
EndProject
Project("{9A19103F-16F7-4668-BE54-9A1E7A4F7556}") = "Company.IdentityServer", "IdentityServer\Company.IdentityServer\Company.IdentityServer.csproj", "{7827803B-03E8-4DC3-94D9-1BF52FB7C0C5}"
EndProject
Project("{9A19103F-16F7-4668-BE54-9A1E7A4F7556}") = "Company.Data.Interfaces", "Common\Company.Data.Interfaces\Company.Data.Interfaces.csproj", "{B6A2439D-E42E-4699-99D3-517493BDCE6C}"
EndProject
Project("{2150E333-8FDC-42A3-9474-1A3956D46DE8}") = "Web", "Web", "{FE80EF21-9CFF-4285-A7C7-33EAD5C1C797}"
EndProject
Project("{9A19103F-16F7-4668-BE54-9A1E7A4F7556}") = "Company.Web", "WebApp\Company.Web\Company.Web.csproj", "{1FA9C69D-D86E-4C48-BEE0-C6E3121412A7}"
EndProject
Project("{FAE04EC0-301F-11D3-BF4B-00C04F79EFBC}") = "CodedUISystemTest", "WebApp\CodedUISystemTest\CodedUISystemTest.csproj", "{1B84F434-01F7-4A48-B9F3-1694878A4AD1}"
EndProject
Global
	GlobalSection(SolutionConfigurationPlatforms) = preSolution
		Debug|Any CPU = Debug|Any CPU
		QA|Any CPU = QA|Any CPU
		Release|Any CPU = Release|Any CPU
	EndGlobalSection
	GlobalSection(ProjectConfigurationPlatforms) = postSolution
		{B1450645-CD55-46B5-A2F9-A8A4624A18DA}.Debug|Any CPU.ActiveCfg = Debug|Any CPU
		{B1450645-CD55-46B5-A2F9-A8A4624A18DA}.Debug|Any CPU.Build.0 = Debug|Any CPU
		{B1450645-CD55-46B5-A2F9-A8A4624A18DA}.QA|Any CPU.ActiveCfg = Debug|Any CPU
		{B1450645-CD55-46B5-A2F9-A8A4624A18DA}.QA|Any CPU.Build.0 = Debug|Any CPU
		{B1450645-CD55-46B5-A2F9-A8A4624A18DA}.Release|Any CPU.ActiveCfg = Release|Any CPU
		{B1450645-CD55-46B5-A2F9-A8A4624A18DA}.Release|Any CPU.Build.0 = Release|Any CPU
		{F22110ED-91A8-428D-BAEF-0D864C34A929}.Debug|Any CPU.ActiveCfg = Debug|Any CPU
		{F22110ED-91A8-428D-BAEF-0D864C34A929}.Debug|Any CPU.Build.0 = Debug|Any CPU
		{F22110ED-91A8-428D-BAEF-0D864C34A929}.QA|Any CPU.ActiveCfg = Debug|Any CPU
		{F22110ED-91A8-428D-BAEF-0D864C34A929}.QA|Any CPU.Build.0 = Debug|Any CPU
		{F22110ED-91A8-428D-BAEF-0D864C34A929}.Release|Any CPU.ActiveCfg = Release|Any CPU
		{F22110ED-91A8-428D-BAEF-0D864C34A929}.Release|Any CPU.Build.0 = Release|Any CPU
		{9DF3ABA3-C165-42BC-8E37-B2BF4FEFBEEC}.Debug|Any CPU.ActiveCfg = Debug|Any CPU
		{9DF3ABA3-C165-42BC-8E37-B2BF4FEFBEEC}.Debug|Any CPU.Build.0 = Debug|Any CPU
		{9DF3ABA3-C165-42BC-8E37-B2BF4FEFBEEC}.QA|Any CPU.ActiveCfg = Debug|Any CPU
		{9DF3ABA3-C165-42BC-8E37-B2BF4FEFBEEC}.QA|Any CPU.Build.0 = Debug|Any CPU
		{9DF3ABA3-C165-42BC-8E37-B2BF4FEFBEEC}.Release|Any CPU.ActiveCfg = Release|Any CPU
		{9DF3ABA3-C165-42BC-8E37-B2BF4FEFBEEC}.Release|Any CPU.Build.0 = Release|Any CPU
		{1FFC6EC2-5EC2-4C7E-A296-79C7B6070D55}.Debug|Any CPU.ActiveCfg = Debug|Any CPU
		{1FFC6EC2-5EC2-4C7E-A296-79C7B6070D55}.Debug|Any CPU.Build.0 = Debug|Any CPU
		{1FFC6EC2-5EC2-4C7E-A296-79C7B6070D55}.QA|Any CPU.ActiveCfg = Debug|Any CPU
		{1FFC6EC2-5EC2-4C7E-A296-79C7B6070D55}.QA|Any CPU.Build.0 = Debug|Any CPU
		{1FFC6EC2-5EC2-4C7E-A296-79C7B6070D55}.Release|Any CPU.ActiveCfg = Release|Any CPU
		{1FFC6EC2-5EC2-4C7E-A296-79C7B6070D55}.Release|Any CPU.Build.0 = Release|Any CPU
		{BE0B720A-405A-4D61-AEBE-4F5F875490F0}.Debug|Any CPU.ActiveCfg = Debug|Any CPU
		{BE0B720A-405A-4D61-AEBE-4F5F875490F0}.Debug|Any CPU.Build.0 = Debug|Any CPU
		{BE0B720A-405A-4D61-AEBE-4F5F875490F0}.QA|Any CPU.ActiveCfg = Debug|Any CPU
		{BE0B720A-405A-4D61-AEBE-4F5F875490F0}.QA|Any CPU.Build.0 = Debug|Any CPU
		{BE0B720A-405A-4D61-AEBE-4F5F875490F0}.Release|Any CPU.ActiveCfg = Release|Any CPU
		{BE0B720A-405A-4D61-AEBE-4F5F875490F0}.Release|Any CPU.Build.0 = Release|Any CPU
		{CD7FFC12-9D71-4D1E-B4D0-1477E35EFE85}.Debug|Any CPU.ActiveCfg = Debug|Any CPU
		{CD7FFC12-9D71-4D1E-B4D0-1477E35EFE85}.Debug|Any CPU.Build.0 = Debug|Any CPU
		{CD7FFC12-9D71-4D1E-B4D0-1477E35EFE85}.QA|Any CPU.ActiveCfg = QA|Any CPU
		{CD7FFC12-9D71-4D1E-B4D0-1477E35EFE85}.QA|Any CPU.Build.0 = QA|Any CPU
		{CD7FFC12-9D71-4D1E-B4D0-1477E35EFE85}.Release|Any CPU.ActiveCfg = Release|Any CPU
		{CD7FFC12-9D71-4D1E-B4D0-1477E35EFE85}.Release|Any CPU.Build.0 = Release|Any CPU
		{7827803B-03E8-4DC3-94D9-1BF52FB7C0C5}.Debug|Any CPU.ActiveCfg = Debug|Any CPU
		{7827803B-03E8-4DC3-94D9-1BF52FB7C0C5}.Debug|Any CPU.Build.0 = Debug|Any CPU
		{7827803B-03E8-4DC3-94D9-1BF52FB7C0C5}.QA|Any CPU.ActiveCfg = QA|Any CPU
		{7827803B-03E8-4DC3-94D9-1BF52FB7C0C5}.QA|Any CPU.Build.0 = QA|Any CPU
		{7827803B-03E8-4DC3-94D9-1BF52FB7C0C5}.Release|Any CPU.ActiveCfg = Release|Any CPU
		{7827803B-03E8-4DC3-94D9-1BF52FB7C0C5}.Release|Any CPU.Build.0 = Release|Any CPU
		{B6A2439D-E42E-4699-99D3-517493BDCE6C}.Debug|Any CPU.ActiveCfg = Debug|Any CPU
		{B6A2439D-E42E-4699-99D3-517493BDCE6C}.Debug|Any CPU.Build.0 = Debug|Any CPU
		{B6A2439D-E42E-4699-99D3-517493BDCE6C}.QA|Any CPU.ActiveCfg = Debug|Any CPU
		{B6A2439D-E42E-4699-99D3-517493BDCE6C}.QA|Any CPU.Build.0 = Debug|Any CPU
		{B6A2439D-E42E-4699-99D3-517493BDCE6C}.Release|Any CPU.ActiveCfg = Release|Any CPU
		{B6A2439D-E42E-4699-99D3-517493BDCE6C}.Release|Any CPU.Build.0 = Release|Any CPU
		{1FA9C69D-D86E-4C48-BEE0-C6E3121412A7}.Debug|Any CPU.ActiveCfg = Debug|Any CPU
		{1FA9C69D-D86E-4C48-BEE0-C6E3121412A7}.Debug|Any CPU.Build.0 = Debug|Any CPU
		{1FA9C69D-D86E-4C48-BEE0-C6E3121412A7}.QA|Any CPU.ActiveCfg = QA|Any CPU
		{1FA9C69D-D86E-4C48-BEE0-C6E3121412A7}.QA|Any CPU.Build.0 = QA|Any CPU
		{1FA9C69D-D86E-4C48-BEE0-C6E3121412A7}.Release|Any CPU.ActiveCfg = Release|Any CPU
		{1FA9C69D-D86E-4C48-BEE0-C6E3121412A7}.Release|Any CPU.Build.0 = Release|Any CPU
		{1B84F434-01F7-4A48-B9F3-1694878A4AD1}.Debug|Any CPU.ActiveCfg = Debug|Any CPU
		{1B84F434-01F7-4A48-B9F3-1694878A4AD1}.Debug|Any CPU.Build.0 = Debug|Any CPU
		{1B84F434-01F7-4A48-B9F3-1694878A4AD1}.QA|Any CPU.ActiveCfg = Release|Any CPU
		{1B84F434-01F7-4A48-B9F3-1694878A4AD1}.QA|Any CPU.Build.0 = Release|Any CPU
		{1B84F434-01F7-4A48-B9F3-1694878A4AD1}.Release|Any CPU.ActiveCfg = Release|Any CPU
		{1B84F434-01F7-4A48-B9F3-1694878A4AD1}.Release|Any CPU.Build.0 = Release|Any CPU
	EndGlobalSection
	GlobalSection(SolutionProperties) = preSolution
		HideSolutionNode = FALSE
	EndGlobalSection
	GlobalSection(NestedProjects) = preSolution
		{B1450645-CD55-46B5-A2F9-A8A4624A18DA} = {CA39256A-BC34-4A56-B7AC-9A1EBBEA65D4}
		{F22110ED-91A8-428D-BAEF-0D864C34A929} = {CA39256A-BC34-4A56-B7AC-9A1EBBEA65D4}
		{9DF3ABA3-C165-42BC-8E37-B2BF4FEFBEEC} = {CA39256A-BC34-4A56-B7AC-9A1EBBEA65D4}
		{1FFC6EC2-5EC2-4C7E-A296-79C7B6070D55} = {CA39256A-BC34-4A56-B7AC-9A1EBBEA65D4}
		{BE0B720A-405A-4D61-AEBE-4F5F875490F0} = {CA39256A-BC34-4A56-B7AC-9A1EBBEA65D4}
		{CD7FFC12-9D71-4D1E-B4D0-1477E35EFE85} = {CA39256A-BC34-4A56-B7AC-9A1EBBEA65D4}
		{B6A2439D-E42E-4699-99D3-517493BDCE6C} = {EDCFD639-85FE-489A-B3CC-A87286485D2E}
		{1FA9C69D-D86E-4C48-BEE0-C6E3121412A7} = {FE80EF21-9CFF-4285-A7C7-33EAD5C1C797}
		{1B84F434-01F7-4A48-B9F3-1694878A4AD1} = {FE80EF21-9CFF-4285-A7C7-33EAD5C1C797}
	EndGlobalSection
	GlobalSection(ExtensibilityGlobals) = postSolution
		SolutionGuid = {42FFD893-CFF6-4A53-8B8C-69E9C2D2F95C}
	EndGlobalSection
EndGlobal
